
Microsoft Visual Studio Solution File, Format Version 12.00
# Visual Studio Version 16
VisualStudioVersion = 16.0.30128.74
MinimumVisualStudioVersion = 10.0.40219.1
Project("{FAE04EC0-301F-11D3-BF4B-00C04F79EFBC}") = "Калькулятор кредитов", "Калькулятор кредитов\Калькулятор кредитов.csproj", "{78BAC90E-5E3C-440F-9456-9A45E5A1F5ED}"
EndProject
Global
	GlobalSection(SolutionConfigurationPlatforms) = preSolution
		Debug|Any CPU = Debug|Any CPU
		Release|Any CPU = Release|Any CPU
	EndGlobalSection
	GlobalSection(ProjectConfigurationPlatforms) = postSolution
		{78BAC90E-5E3C-440F-9456-9A45E5A1F5ED}.Debug|Any CPU.ActiveCfg = Debug|Any CPU
		{78BAC90E-5E3C-440F-9456-9A45E5A1F5ED}.Debug|Any CPU.Build.0 = Debug|Any CPU
		{78BAC90E-5E3C-440F-9456-9A45E5A1F5ED}.Release|Any CPU.ActiveCfg = Release|Any CPU
		{78BAC90E-5E3C-440F-9456-9A45E5A1F5ED}.Release|Any CPU.Build.0 = Release|Any CPU
	EndGlobalSection
	GlobalSection(SolutionProperties) = preSolution
		HideSolutionNode = FALSE
	EndGlobalSection
	GlobalSection(ExtensibilityGlobals) = postSolution
		SolutionGuid = {01FAE297-2F40-4397-BB0A-72FA465A45CA}
	EndGlobalSection
EndGlobal
