
Microsoft Visual Studio Solution File, Format Version 12.00
# Visual Studio Version 16
VisualStudioVersion = 16.0.30128.74
MinimumVisualStudioVersion = 10.0.40219.1
Project("{FAE04EC0-301F-11D3-BF4B-00C04F79EFBC}") = "Praktika_20", "Praktika_20\Praktika_20.csproj", "{95555FFE-5018-44C6-9E17-A01D02DB1636}"
EndProject
Global
	GlobalSection(SolutionConfigurationPlatforms) = preSolution
		Debug|Any CPU = Debug|Any CPU
		Release|Any CPU = Release|Any CPU
	EndGlobalSection
	GlobalSection(ProjectConfigurationPlatforms) = postSolution
		{95555FFE-5018-44C6-9E17-A01D02DB1636}.Debug|Any CPU.ActiveCfg = Debug|Any CPU
		{95555FFE-5018-44C6-9E17-A01D02DB1636}.Debug|Any CPU.Build.0 = Debug|Any CPU
		{95555FFE-5018-44C6-9E17-A01D02DB1636}.Release|Any CPU.ActiveCfg = Release|Any CPU
		{95555FFE-5018-44C6-9E17-A01D02DB1636}.Release|Any CPU.Build.0 = Release|Any CPU
	EndGlobalSection
	GlobalSection(SolutionProperties) = preSolution
		HideSolutionNode = FALSE
	EndGlobalSection
	GlobalSection(ExtensibilityGlobals) = postSolution
		SolutionGuid = {28CE3252-F478-4B23-9C7C-A4283F0A3A48}
	EndGlobalSection
EndGlobal
