
Microsoft Visual Studio Solution File, Format Version 12.00
# Visual Studio Version 16
VisualStudioVersion = 16.0.30002.166
MinimumVisualStudioVersion = 10.0.40219.1
Project("{FAE04EC0-301F-11D3-BF4B-00C04F79EFBC}") = "Prog 3", "Prog 3\Prog 3.csproj", "{DB4BADA2-986E-4148-BEB3-C754B6F9BCDD}"
EndProject
Global
	GlobalSection(SolutionConfigurationPlatforms) = preSolution
		Debug|Any CPU = Debug|Any CPU
		Release|Any CPU = Release|Any CPU
	EndGlobalSection
	GlobalSection(ProjectConfigurationPlatforms) = postSolution
		{DB4BADA2-986E-4148-BEB3-C754B6F9BCDD}.Debug|Any CPU.ActiveCfg = Debug|Any CPU
		{DB4BADA2-986E-4148-BEB3-C754B6F9BCDD}.Debug|Any CPU.Build.0 = Debug|Any CPU
		{DB4BADA2-986E-4148-BEB3-C754B6F9BCDD}.Release|Any CPU.ActiveCfg = Release|Any CPU
		{DB4BADA2-986E-4148-BEB3-C754B6F9BCDD}.Release|Any CPU.Build.0 = Release|Any CPU
	EndGlobalSection
	GlobalSection(SolutionProperties) = preSolution
		HideSolutionNode = FALSE
	EndGlobalSection
	GlobalSection(ExtensibilityGlobals) = postSolution
		SolutionGuid = {0CA519F3-2BF2-4EA6-9215-3FD06FA8DB99}
	EndGlobalSection
EndGlobal
