
Microsoft Visual Studio Solution File, Format Version 12.00
# Visual Studio Version 16
VisualStudioVersion = 16.0.30128.74
MinimumVisualStudioVersion = 10.0.40219.1
Project("{FAE04EC0-301F-11D3-BF4B-00C04F79EFBC}") = "Praktika_19", "Praktika_19\Praktika_19.csproj", "{D71A51E7-5D2D-46D1-B793-6CC18C398031}"
EndProject
Global
	GlobalSection(SolutionConfigurationPlatforms) = preSolution
		Debug|Any CPU = Debug|Any CPU
		Release|Any CPU = Release|Any CPU
	EndGlobalSection
	GlobalSection(ProjectConfigurationPlatforms) = postSolution
		{D71A51E7-5D2D-46D1-B793-6CC18C398031}.Debug|Any CPU.ActiveCfg = Debug|Any CPU
		{D71A51E7-5D2D-46D1-B793-6CC18C398031}.Debug|Any CPU.Build.0 = Debug|Any CPU
		{D71A51E7-5D2D-46D1-B793-6CC18C398031}.Release|Any CPU.ActiveCfg = Release|Any CPU
		{D71A51E7-5D2D-46D1-B793-6CC18C398031}.Release|Any CPU.Build.0 = Release|Any CPU
	EndGlobalSection
	GlobalSection(SolutionProperties) = preSolution
		HideSolutionNode = FALSE
	EndGlobalSection
	GlobalSection(ExtensibilityGlobals) = postSolution
		SolutionGuid = {F334F18F-3064-4036-95A4-39E5E0DA1052}
	EndGlobalSection
EndGlobal
