
Microsoft Visual Studio Solution File, Format Version 12.00
# Visual Studio Version 16
VisualStudioVersion = 16.0.30128.74
MinimumVisualStudioVersion = 10.0.40219.1
Project("{FAE04EC0-301F-11D3-BF4B-00C04F79EFBC}") = "Praktika_10", "Praktika_10\Praktika_10.csproj", "{9632D1F8-5115-48A3-8DCD-2B32A7840DE4}"
EndProject
Global
	GlobalSection(SolutionConfigurationPlatforms) = preSolution
		Debug|Any CPU = Debug|Any CPU
		Release|Any CPU = Release|Any CPU
	EndGlobalSection
	GlobalSection(ProjectConfigurationPlatforms) = postSolution
		{9632D1F8-5115-48A3-8DCD-2B32A7840DE4}.Debug|Any CPU.ActiveCfg = Debug|Any CPU
		{9632D1F8-5115-48A3-8DCD-2B32A7840DE4}.Debug|Any CPU.Build.0 = Debug|Any CPU
		{9632D1F8-5115-48A3-8DCD-2B32A7840DE4}.Release|Any CPU.ActiveCfg = Release|Any CPU
		{9632D1F8-5115-48A3-8DCD-2B32A7840DE4}.Release|Any CPU.Build.0 = Release|Any CPU
	EndGlobalSection
	GlobalSection(SolutionProperties) = preSolution
		HideSolutionNode = FALSE
	EndGlobalSection
	GlobalSection(ExtensibilityGlobals) = postSolution
		SolutionGuid = {F51ED70F-6A24-4B8E-BAE9-8D298EE130BD}
	EndGlobalSection
EndGlobal
